
Microsoft Visual Studio Solution File, Format Version 12.00
# Visual Studio Version 16
VisualStudioVersion = 16.0.29503.13
MinimumVisualStudioVersion = 10.0.40219.1
Project("{FAE04EC0-301F-11D3-BF4B-00C04F79EFBC}") = "e-combox_appDesktopWindows", "e-combox_appDesktopWindows\e-combox_appDesktopWindows.csproj", "{55511995-D7A0-4C99-8CE3-CA22372D5BBC}"
EndProject
Global
	GlobalSection(SolutionConfigurationPlatforms) = preSolution
		Debug|Any CPU = Debug|Any CPU
		Release|Any CPU = Release|Any CPU
	EndGlobalSection
	GlobalSection(ProjectConfigurationPlatforms) = postSolution
		{55511995-D7A0-4C99-8CE3-CA22372D5BBC}.Debug|Any CPU.ActiveCfg = Debug|Any CPU
		{55511995-D7A0-4C99-8CE3-CA22372D5BBC}.Debug|Any CPU.Build.0 = Debug|Any CPU
		{55511995-D7A0-4C99-8CE3-CA22372D5BBC}.Release|Any CPU.ActiveCfg = Release|Any CPU
		{55511995-D7A0-4C99-8CE3-CA22372D5BBC}.Release|Any CPU.Build.0 = Release|Any CPU
	EndGlobalSection
	GlobalSection(SolutionProperties) = preSolution
		HideSolutionNode = FALSE
	EndGlobalSection
	GlobalSection(ExtensibilityGlobals) = postSolution
		SolutionGuid = {8287E9CA-DE9B-482B-9583-D18138BE698D}
	EndGlobalSection
EndGlobal
