
Microsoft Visual Studio Solution File, Format Version 12.00
# Visual Studio 15
VisualStudioVersion = 15.0.28307.106
MinimumVisualStudioVersion = 10.0.40219.1
Project("{FAE04EC0-301F-11D3-BF4B-00C04F79EFBC}") = "Projet E-Combox", "Projet E-Combox\Projet E-Combox.csproj", "{C93269F6-4FFF-4EF6-A0BD-A7381DFF5686}"
EndProject
Global
	GlobalSection(SolutionConfigurationPlatforms) = preSolution
		Debug|Any CPU = Debug|Any CPU
		Release|Any CPU = Release|Any CPU
	EndGlobalSection
	GlobalSection(ProjectConfigurationPlatforms) = postSolution
		{C93269F6-4FFF-4EF6-A0BD-A7381DFF5686}.Debug|Any CPU.ActiveCfg = Debug|Any CPU
		{C93269F6-4FFF-4EF6-A0BD-A7381DFF5686}.Debug|Any CPU.Build.0 = Debug|Any CPU
		{C93269F6-4FFF-4EF6-A0BD-A7381DFF5686}.Release|Any CPU.ActiveCfg = Release|Any CPU
		{C93269F6-4FFF-4EF6-A0BD-A7381DFF5686}.Release|Any CPU.Build.0 = Release|Any CPU
	EndGlobalSection
	GlobalSection(SolutionProperties) = preSolution
		HideSolutionNode = FALSE
	EndGlobalSection
	GlobalSection(ExtensibilityGlobals) = postSolution
		SolutionGuid = {B4C3DB1E-3196-432C-98F2-A5CE26C2CD7F}
	EndGlobalSection
EndGlobal
